// !$*UTF8*$!
{
	archiveVersion = 1;
	classes = {
	};
	objectVersion = 77;
	objects = {

/* Begin PBXBuildFile section */
		E903BC122E00358D00DCFCF3 /* CCXTSwift in Frameworks */ = {isa = PBXBuildFile; productRef = E903BC112E00358D00DCFCF3 /* CCXTSwift */; };
		E906B39B2E04DAAD00B31F0E /* CCXTSwift in Frameworks */ = {isa = PBXBuildFile; productRef = E906B39A2E04DAAD00B31F0E /* CCXTSwift */; };
		E95D26302E078B55004844CC /* CCXTSwift in Frameworks */ = {isa = PBXBuildFile; productRef = E95D262F2E078B55004844CC /* CCXTSwift */; };
		E95D263F2E07948C004844CC /* CCXTSwift in Frameworks */ = {isa = PBXBuildFile; productRef = E95D263E2E07948C004844CC /* CCXTSwift */; };
		E97F4B5F2DFBF60000ACC1B8 /* CCXTSwift in Frameworks */ = {isa = PBXBuildFile; productRef = E97F4B5E2DFBF60000ACC1B8 /* CCXTSwift */; };
		E97F4BFE2DFC277500ACC1B8 /* CCXTSwift in Frameworks */ = {isa = PBXBuildFile; productRef = E97F4BFD2DFC277500ACC1B8 /* CCXTSwift */; };
		E97F4C012DFC285500ACC1B8 /* CCXTSwift in Frameworks */ = {isa = PBXBuildFile; productRef = E97F4C002DFC285500ACC1B8 /* CCXTSwift */; };
		E97F4C042DFC296600ACC1B8 /* CCXTSwift in Frameworks */ = {isa = PBXBuildFile; productRef = E97F4C032DFC296600ACC1B8 /* CCXTSwift */; };
		E981B1492E014037003B4F86 /* CCXTSwift in Frameworks */ = {isa = PBXBuildFile; productRef = E981B1482E014037003B4F86 /* CCXTSwift */; };
		E98AE6412E0232E1006AACEA /* CCXTSwift in Frameworks */ = {isa = PBXBuildFile; productRef = E98AE6402E0232E1006AACEA /* CCXTSwift */; };
		E98AE6442E024F22006AACEA /* CCXTSwift in Frameworks */ = {isa = PBXBuildFile; productRef = E98AE6432E024F22006AACEA /* CCXTSwift */; };
		E98AE6472E026FBF006AACEA /* CCXTSwift in Frameworks */ = {isa = PBXBuildFile; productRef = E98AE6462E026FBF006AACEA /* CCXTSwift */; };
		E98AE6562E0270F2006AACEA /* CCXTSwift in Frameworks */ = {isa = PBXBuildFile; productRef = E98AE6552E0270F2006AACEA /* CCXTSwift */; };
		E98AE6592E0278BA006AACEA /* CCXTSwift in Frameworks */ = {isa = PBXBuildFile; productRef = E98AE6582E0278BA006AACEA /* CCXTSwift */; };
		E9ACB6CA2DFD14AB00EA44CA /* CCXTSwift in Frameworks */ = {isa = PBXBuildFile; productRef = E9ACB6C92DFD14AB00EA44CA /* CCXTSwift */; };
		E9ACB6CD2DFD4AD500EA44CA /* CCXTSwift in Frameworks */ = {isa = PBXBuildFile; productRef = E9ACB6CC2DFD4AD500EA44CA /* CCXTSwift */; };
		E9ACB6D02DFD596300EA44CA /* CCXTSwift in Frameworks */ = {isa = PBXBuildFile; productRef = E9ACB6CF2DFD596300EA44CA /* CCXTSwift */; };
		E9ACB6D32DFD5DE900EA44CA /* CCXTSwift in Frameworks */ = {isa = PBXBuildFile; productRef = E9ACB6D22DFD5DE900EA44CA /* CCXTSwift */; };
		E9EB93D12DFE4C8200817FB0 /* CCXTSwift in Frameworks */ = {isa = PBXBuildFile; productRef = E9EB93D02DFE4C8200817FB0 /* CCXTSwift */; };
/* End PBXBuildFile section */

/* Begin PBXContainerItemProxy section */
		E92C3DC52DFBC735007878B2 /* PBXContainerItemProxy */ = {
			isa = PBXContainerItemProxy;
			containerPortal = E92C3DAF2DFBC734007878B2 /* Project object */;
			proxyType = 1;
			remoteGlobalIDString = E92C3DB62DFBC734007878B2;
			remoteInfo = "test-ccxt-cocoapod";
		};
		E92C3DCF2DFBC735007878B2 /* PBXContainerItemProxy */ = {
			isa = PBXContainerItemProxy;
			containerPortal = E92C3DAF2DFBC734007878B2 /* Project object */;
			proxyType = 1;
			remoteGlobalIDString = E92C3DB62DFBC734007878B2;
			remoteInfo = "test-ccxt-cocoapod";
		};
/* End PBXContainerItemProxy section */

/* Begin PBXFileReference section */
		E92C3DB72DFBC734007878B2 /* test-ccxt-cocoapod.app */ = {isa = PBXFileReference; explicitFileType = wrapper.application; includeInIndex = 0; path = "test-ccxt-cocoapod.app"; sourceTree = BUILT_PRODUCTS_DIR; };
		E92C3DC42DFBC735007878B2 /* test-ccxt-cocoapodTests.xctest */ = {isa = PBXFileReference; explicitFileType = wrapper.cfbundle; includeInIndex = 0; path = "test-ccxt-cocoapodTests.xctest"; sourceTree = BUILT_PRODUCTS_DIR; };
		E92C3DCE2DFBC735007878B2 /* test-ccxt-cocoapodUITests.xctest */ = {isa = PBXFileReference; explicitFileType = wrapper.cfbundle; includeInIndex = 0; path = "test-ccxt-cocoapodUITests.xctest"; sourceTree = BUILT_PRODUCTS_DIR; };
/* End PBXFileReference section */

/* Begin PBXFileSystemSynchronizedRootGroup section */
		E92C3DB92DFBC734007878B2 /* test-ccxt-cocoapod */ = {
			isa = PBXFileSystemSynchronizedRootGroup;
			path = "test-ccxt-cocoapod";
			sourceTree = "<group>";
		};
		E92C3DC72DFBC735007878B2 /* test-ccxt-cocoapodTests */ = {
			isa = PBXFileSystemSynchronizedRootGroup;
			path = "test-ccxt-cocoapodTests";
			sourceTree = "<group>";
		};
		E92C3DD12DFBC735007878B2 /* test-ccxt-cocoapodUITests */ = {
			isa = PBXFileSystemSynchronizedRootGroup;
			path = "test-ccxt-cocoapodUITests";
			sourceTree = "<group>";
		};
/* End PBXFileSystemSynchronizedRootGroup section */

/* Begin PBXFrameworksBuildPhase section */
		E92C3DB42DFBC734007878B2 /* Frameworks */ = {
			isa = PBXFrameworksBuildPhase;
			buildActionMask = 2147483647;
			files = (
				E906B39B2E04DAAD00B31F0E /* CCXTSwift in Frameworks */,
				E98AE6412E0232E1006AACEA /* CCXTSwift in Frameworks */,
				E9ACB6D32DFD5DE900EA44CA /* CCXTSwift in Frameworks */,
				E9ACB6CD2DFD4AD500EA44CA /* CCXTSwift in Frameworks */,
				E903BC122E00358D00DCFCF3 /* CCXTSwift in Frameworks */,
				E97F4C042DFC296600ACC1B8 /* CCXTSwift in Frameworks */,
				E9EB93D12DFE4C8200817FB0 /* CCXTSwift in Frameworks */,
				E97F4C012DFC285500ACC1B8 /* CCXTSwift in Frameworks */,
				E9ACB6D02DFD596300EA44CA /* CCXTSwift in Frameworks */,
				E98AE6592E0278BA006AACEA /* CCXTSwift in Frameworks */,
				E9ACB6CA2DFD14AB00EA44CA /* CCXTSwift in Frameworks */,
				E97F4BFE2DFC277500ACC1B8 /* CCXTSwift in Frameworks */,
				E95D26302E078B55004844CC /* CCXTSwift in Frameworks */,
				E98AE6472E026FBF006AACEA /* CCXTSwift in Frameworks */,
				E95D263F2E07948C004844CC /* CCXTSwift in Frameworks */,
				E981B1492E014037003B4F86 /* CCXTSwift in Frameworks */,
				E98AE6562E0270F2006AACEA /* CCXTSwift in Frameworks */,
				E98AE6442E024F22006AACEA /* CCXTSwift in Frameworks */,
				E97F4B5F2DFBF60000ACC1B8 /* CCXTSwift in Frameworks */,
			);
			runOnlyForDeploymentPostprocessing = 0;
		};
		E92C3DC12DFBC735007878B2 /* Frameworks */ = {
			isa = PBXFrameworksBuildPhase;
			buildActionMask = 2147483647;
			files = (
			);
			runOnlyForDeploymentPostprocessing = 0;
		};
		E92C3DCB2DFBC735007878B2 /* Frameworks */ = {
			isa = PBXFrameworksBuildPhase;
			buildActionMask = 2147483647;
			files = (
			);
			runOnlyForDeploymentPostprocessing = 0;
		};
/* End PBXFrameworksBuildPhase section */

/* Begin PBXGroup section */
		E92C3DAE2DFBC734007878B2 = {
			isa = PBXGroup;
			children = (
				E92C3DB92DFBC734007878B2 /* test-ccxt-cocoapod */,
				E92C3DC72DFBC735007878B2 /* test-ccxt-cocoapodTests */,
				E92C3DD12DFBC735007878B2 /* test-ccxt-cocoapodUITests */,
				E92C3DB82DFBC734007878B2 /* Products */,
			);
			sourceTree = "<group>";
		};
		E92C3DB82DFBC734007878B2 /* Products */ = {
			isa = PBXGroup;
			children = (
				E92C3DB72DFBC734007878B2 /* test-ccxt-cocoapod.app */,
				E92C3DC42DFBC735007878B2 /* test-ccxt-cocoapodTests.xctest */,
				E92C3DCE2DFBC735007878B2 /* test-ccxt-cocoapodUITests.xctest */,
			);
			name = Products;
			sourceTree = "<group>";
		};
/* End PBXGroup section */

/* Begin PBXNativeTarget section */
		E92C3DB62DFBC734007878B2 /* test-ccxt-cocoapod */ = {
			isa = PBXNativeTarget;
			buildConfigurationList = E92C3DD82DFBC735007878B2 /* Build configuration list for PBXNativeTarget "test-ccxt-cocoapod" */;
			buildPhases = (
				E92C3DB32DFBC734007878B2 /* Sources */,
				E92C3DB42DFBC734007878B2 /* Frameworks */,
				E92C3DB52DFBC734007878B2 /* Resources */,
			);
			buildRules = (
			);
			dependencies = (
			);
			fileSystemSynchronizedGroups = (
				E92C3DB92DFBC734007878B2 /* test-ccxt-cocoapod */,
			);
			name = "test-ccxt-cocoapod";
			packageProductDependencies = (
				E97F4B5E2DFBF60000ACC1B8 /* CCXTSwift */,
				E97F4BFD2DFC277500ACC1B8 /* CCXTSwift */,
				E97F4C002DFC285500ACC1B8 /* CCXTSwift */,
				E97F4C032DFC296600ACC1B8 /* CCXTSwift */,
				E9ACB6C92DFD14AB00EA44CA /* CCXTSwift */,
				E9ACB6CC2DFD4AD500EA44CA /* CCXTSwift */,
				E9ACB6CF2DFD596300EA44CA /* CCXTSwift */,
				E9ACB6D22DFD5DE900EA44CA /* CCXTSwift */,
				E9EB93D02DFE4C8200817FB0 /* CCXTSwift */,
				E903BC112E00358D00DCFCF3 /* CCXTSwift */,
				E981B1482E014037003B4F86 /* CCXTSwift */,
				E98AE6402E0232E1006AACEA /* CCXTSwift */,
				E98AE6432E024F22006AACEA /* CCXTSwift */,
				E98AE6462E026FBF006AACEA /* CCXTSwift */,
				E98AE6552E0270F2006AACEA /* CCXTSwift */,
				E98AE6582E0278BA006AACEA /* CCXTSwift */,
				E906B39A2E04DAAD00B31F0E /* CCXTSwift */,
				E95D262F2E078B55004844CC /* CCXTSwift */,
				E95D263E2E07948C004844CC /* CCXTSwift */,
			);
			productName = "test-ccxt-cocoapod";
			productReference = E92C3DB72DFBC734007878B2 /* test-ccxt-cocoapod.app */;
			productType = "com.apple.product-type.application";
		};
		E92C3DC32DFBC735007878B2 /* test-ccxt-cocoapodTests */ = {
			isa = PBXNativeTarget;
			buildConfigurationList = E92C3DDB2DFBC735007878B2 /* Build configuration list for PBXNativeTarget "test-ccxt-cocoapodTests" */;
			buildPhases = (
				E92C3DC02DFBC735007878B2 /* Sources */,
				E92C3DC12DFBC735007878B2 /* Frameworks */,
				E92C3DC22DFBC735007878B2 /* Resources */,
			);
			buildRules = (
			);
			dependencies = (
				E92C3DC62DFBC735007878B2 /* PBXTargetDependency */,
			);
			fileSystemSynchronizedGroups = (
				E92C3DC72DFBC735007878B2 /* test-ccxt-cocoapodTests */,
			);
			name = "test-ccxt-cocoapodTests";
			packageProductDependencies = (
			);
			productName = "test-ccxt-cocoapodTests";
			productReference = E92C3DC42DFBC735007878B2 /* test-ccxt-cocoapodTests.xctest */;
			productType = "com.apple.product-type.bundle.unit-test";
		};
		E92C3DCD2DFBC735007878B2 /* test-ccxt-cocoapodUITests */ = {
			isa = PBXNativeTarget;
			buildConfigurationList = E92C3DDE2DFBC735007878B2 /* Build configuration list for PBXNativeTarget "test-ccxt-cocoapodUITests" */;
			buildPhases = (
				E92C3DCA2DFBC735007878B2 /* Sources */,
				E92C3DCB2DFBC735007878B2 /* Frameworks */,
				E92C3DCC2DFBC735007878B2 /* Resources */,
			);
			buildRules = (
			);
			dependencies = (
				E92C3DD02DFBC735007878B2 /* PBXTargetDependency */,
			);
			fileSystemSynchronizedGroups = (
				E92C3DD12DFBC735007878B2 /* test-ccxt-cocoapodUITests */,
			);
			name = "test-ccxt-cocoapodUITests";
			packageProductDependencies = (
			);
			productName = "test-ccxt-cocoapodUITests";
			productReference = E92C3DCE2DFBC735007878B2 /* test-ccxt-cocoapodUITests.xctest */;
			productType = "com.apple.product-type.bundle.ui-testing";
		};
/* End PBXNativeTarget section */

/* Begin PBXProject section */
		E92C3DAF2DFBC734007878B2 /* Project object */ = {
			isa = PBXProject;
			attributes = {
				BuildIndependentTargetsInParallel = 1;
				LastSwiftUpdateCheck = 1640;
				LastUpgradeCheck = 1640;
				TargetAttributes = {
					E92C3DB62DFBC734007878B2 = {
						CreatedOnToolsVersion = 16.4;
					};
					E92C3DC32DFBC735007878B2 = {
						CreatedOnToolsVersion = 16.4;
						TestTargetID = E92C3DB62DFBC734007878B2;
					};
					E92C3DCD2DFBC735007878B2 = {
						CreatedOnToolsVersion = 16.4;
						TestTargetID = E92C3DB62DFBC734007878B2;
					};
				};
			};
			buildConfigurationList = E92C3DB22DFBC734007878B2 /* Build configuration list for PBXProject "test-ccxt-cocoapod" */;
			developmentRegion = en;
			hasScannedForEncodings = 0;
			knownRegions = (
				en,
				Base,
			);
			mainGroup = E92C3DAE2DFBC734007878B2;
			minimizedProjectReferenceProxies = 1;
			packageReferences = (
				E95D263D2E07948C004844CC /* XCLocalSwiftPackageReference "../ccxt/swift-wrapper" */,
			);
			preferredProjectObjectVersion = 77;
			productRefGroup = E92C3DB82DFBC734007878B2 /* Products */;
			projectDirPath = "";
			projectRoot = "";
			targets = (
				E92C3DB62DFBC734007878B2 /* test-ccxt-cocoapod */,
				E92C3DC32DFBC735007878B2 /* test-ccxt-cocoapodTests */,
				E92C3DCD2DFBC735007878B2 /* test-ccxt-cocoapodUITests */,
			);
		};
/* End PBXProject section */

/* Begin PBXResourcesBuildPhase section */
		E92C3DB52DFBC734007878B2 /* Resources */ = {
			isa = PBXResourcesBuildPhase;
			buildActionMask = 2147483647;
			files = (
			);
			runOnlyForDeploymentPostprocessing = 0;
		};
		E92C3DC22DFBC735007878B2 /* Resources */ = {
			isa = PBXResourcesBuildPhase;
			buildActionMask = 2147483647;
			files = (
			);
			runOnlyForDeploymentPostprocessing = 0;
		};
		E92C3DCC2DFBC735007878B2 /* Resources */ = {
			isa = PBXResourcesBuildPhase;
			buildActionMask = 2147483647;
			files = (
			);
			runOnlyForDeploymentPostprocessing = 0;
		};
/* End PBXResourcesBuildPhase section */

/* Begin PBXSourcesBuildPhase section */
		E92C3DB32DFBC734007878B2 /* Sources */ = {
			isa = PBXSourcesBuildPhase;
			buildActionMask = 2147483647;
			files = (
			);
			runOnlyForDeploymentPostprocessing = 0;
		};
		E92C3DC02DFBC735007878B2 /* Sources */ = {
			isa = PBXSourcesBuildPhase;
			buildActionMask = 2147483647;
			files = (
			);
			runOnlyForDeploymentPostprocessing = 0;
		};
		E92C3DCA2DFBC735007878B2 /* Sources */ = {
			isa = PBXSourcesBuildPhase;
			buildActionMask = 2147483647;
			files = (
			);
			runOnlyForDeploymentPostprocessing = 0;
		};
/* End PBXSourcesBuildPhase section */

/* Begin PBXTargetDependency section */
		E92C3DC62DFBC735007878B2 /* PBXTargetDependency */ = {
			isa = PBXTargetDependency;
			target = E92C3DB62DFBC734007878B2 /* test-ccxt-cocoapod */;
			targetProxy = E92C3DC52DFBC735007878B2 /* PBXContainerItemProxy */;
		};
		E92C3DD02DFBC735007878B2 /* PBXTargetDependency */ = {
			isa = PBXTargetDependency;
			target = E92C3DB62DFBC734007878B2 /* test-ccxt-cocoapod */;
			targetProxy = E92C3DCF2DFBC735007878B2 /* PBXContainerItemProxy */;
		};
/* End PBXTargetDependency section */

/* Begin XCBuildConfiguration section */
		E92C3DD62DFBC735007878B2 /* Debug */ = {
			isa = XCBuildConfiguration;
			buildSettings = {
				ALWAYS_SEARCH_USER_PATHS = NO;
				ASSETCATALOG_COMPILER_GENERATE_SWIFT_ASSET_SYMBOL_EXTENSIONS = YES;
				CLANG_ANALYZER_NONNULL = YES;
				CLANG_ANALYZER_NUMBER_OBJECT_CONVERSION = YES_AGGRESSIVE;
				CLANG_CXX_LANGUAGE_STANDARD = "gnu++20";
				CLANG_ENABLE_MODULES = YES;
				CLANG_ENABLE_OBJC_ARC = YES;
				CLANG_ENABLE_OBJC_WEAK = YES;
				CLANG_WARN_BLOCK_CAPTURE_AUTORELEASING = YES;
				CLANG_WARN_BOOL_CONVERSION = YES;
				CLANG_WARN_COMMA = YES;
				CLANG_WARN_CONSTANT_CONVERSION = YES;
				CLANG_WARN_DEPRECATED_OBJC_IMPLEMENTATIONS = YES;
				CLANG_WARN_DIRECT_OBJC_ISA_USAGE = YES_ERROR;
				CLANG_WARN_DOCUMENTATION_COMMENTS = YES;
				CLANG_WARN_EMPTY_BODY = YES;
				CLANG_WARN_ENUM_CONVERSION = YES;
				CLANG_WARN_INFINITE_RECURSION = YES;
				CLANG_WARN_INT_CONVERSION = YES;
				CLANG_WARN_NON_LITERAL_NULL_CONVERSION = YES;
				CLANG_WARN_OBJC_IMPLICIT_RETAIN_SELF = YES;
				CLANG_WARN_OBJC_LITERAL_CONVERSION = YES;
				CLANG_WARN_OBJC_ROOT_CLASS = YES_ERROR;
				CLANG_WARN_QUOTED_INCLUDE_IN_FRAMEWORK_HEADER = YES;
				CLANG_WARN_RANGE_LOOP_ANALYSIS = YES;
				CLANG_WARN_STRICT_PROTOTYPES = YES;
				CLANG_WARN_SUSPICIOUS_MOVE = YES;
				CLANG_WARN_UNGUARDED_AVAILABILITY = YES_AGGRESSIVE;
				CLANG_WARN_UNREACHABLE_CODE = YES;
				CLANG_WARN__DUPLICATE_METHOD_MATCH = YES;
				COPY_PHASE_STRIP = NO;
				DEBUG_INFORMATION_FORMAT = dwarf;
				ENABLE_STRICT_OBJC_MSGSEND = YES;
				ENABLE_TESTABILITY = YES;
				ENABLE_USER_SCRIPT_SANDBOXING = YES;
				GCC_C_LANGUAGE_STANDARD = gnu17;
				GCC_DYNAMIC_NO_PIC = NO;
				GCC_NO_COMMON_BLOCKS = YES;
				GCC_OPTIMIZATION_LEVEL = 0;
				GCC_PREPROCESSOR_DEFINITIONS = (
					"DEBUG=1",
					"$(inherited)",
				);
				GCC_WARN_64_TO_32_BIT_CONVERSION = YES;
				GCC_WARN_ABOUT_RETURN_TYPE = YES_ERROR;
				GCC_WARN_UNDECLARED_SELECTOR = YES;
				GCC_WARN_UNINITIALIZED_AUTOS = YES_AGGRESSIVE;
				GCC_WARN_UNUSED_FUNCTION = YES;
				GCC_WARN_UNUSED_VARIABLE = YES;
				IPHONEOS_DEPLOYMENT_TARGET = 18.5;
				LOCALIZATION_PREFERS_STRING_CATALOGS = YES;
				MTL_ENABLE_DEBUG_INFO = INCLUDE_SOURCE;
				MTL_FAST_MATH = YES;
				ONLY_ACTIVE_ARCH = YES;
				SDKROOT = iphoneos;
				SWIFT_ACTIVE_COMPILATION_CONDITIONS = "DEBUG $(inherited)";
				SWIFT_OPTIMIZATION_LEVEL = "-Onone";
			};
			name = Debug;
		};
		E92C3DD72DFBC735007878B2 /* Release */ = {
			isa = XCBuildConfiguration;
			buildSettings = {
				ALWAYS_SEARCH_USER_PATHS = NO;
				ASSETCATALOG_COMPILER_GENERATE_SWIFT_ASSET_SYMBOL_EXTENSIONS = YES;
				CLANG_ANALYZER_NONNULL = YES;
				CLANG_ANALYZER_NUMBER_OBJECT_CONVERSION = YES_AGGRESSIVE;
				CLANG_CXX_LANGUAGE_STANDARD = "gnu++20";
				CLANG_ENABLE_MODULES = YES;
				CLANG_ENABLE_OBJC_ARC = YES;
				CLANG_ENABLE_OBJC_WEAK = YES;
				CLANG_WARN_BLOCK_CAPTURE_AUTORELEASING = YES;
				CLANG_WARN_BOOL_CONVERSION = YES;
				CLANG_WARN_COMMA = YES;
				CLANG_WARN_CONSTANT_CONVERSION = YES;
				CLANG_WARN_DEPRECATED_OBJC_IMPLEMENTATIONS = YES;
				CLANG_WARN_DIRECT_OBJC_ISA_USAGE = YES_ERROR;
				CLANG_WARN_DOCUMENTATION_COMMENTS = YES;
				CLANG_WARN_EMPTY_BODY = YES;
				CLANG_WARN_ENUM_CONVERSION = YES;
				CLANG_WARN_INFINITE_RECURSION = YES;
				CLANG_WARN_INT_CONVERSION = YES;
				CLANG_WARN_NON_LITERAL_NULL_CONVERSION = YES;
				CLANG_WARN_OBJC_IMPLICIT_RETAIN_SELF = YES;
				CLANG_WARN_OBJC_LITERAL_CONVERSION = YES;
				CLANG_WARN_OBJC_ROOT_CLASS = YES_ERROR;
				CLANG_WARN_QUOTED_INCLUDE_IN_FRAMEWORK_HEADER = YES;
				CLANG_WARN_RANGE_LOOP_ANALYSIS = YES;
				CLANG_WARN_STRICT_PROTOTYPES = YES;
				CLANG_WARN_SUSPICIOUS_MOVE = YES;
				CLANG_WARN_UNGUARDED_AVAILABILITY = YES_AGGRESSIVE;
				CLANG_WARN_UNREACHABLE_CODE = YES;
				CLANG_WARN__DUPLICATE_METHOD_MATCH = YES;
				COPY_PHASE_STRIP = NO;
				DEBUG_INFORMATION_FORMAT = "dwarf-with-dsym";
				ENABLE_NS_ASSERTIONS = NO;
				ENABLE_STRICT_OBJC_MSGSEND = YES;
				ENABLE_USER_SCRIPT_SANDBOXING = YES;
				GCC_C_LANGUAGE_STANDARD = gnu17;
				GCC_NO_COMMON_BLOCKS = YES;
				GCC_WARN_64_TO_32_BIT_CONVERSION = YES;
				GCC_WARN_ABOUT_RETURN_TYPE = YES_ERROR;
				GCC_WARN_UNDECLARED_SELECTOR = YES;
				GCC_WARN_UNINITIALIZED_AUTOS = YES_AGGRESSIVE;
				GCC_WARN_UNUSED_FUNCTION = YES;
				GCC_WARN_UNUSED_VARIABLE = YES;
				IPHONEOS_DEPLOYMENT_TARGET = 18.5;
				LOCALIZATION_PREFERS_STRING_CATALOGS = YES;
				MTL_ENABLE_DEBUG_INFO = NO;
				MTL_FAST_MATH = YES;
				SDKROOT = iphoneos;
				SWIFT_COMPILATION_MODE = wholemodule;
				VALIDATE_PRODUCT = YES;
			};
			name = Release;
		};
		E92C3DD92DFBC735007878B2 /* Debug */ = {
			isa = XCBuildConfiguration;
			buildSettings = {
				ASSETCATALOG_COMPILER_APPICON_NAME = AppIcon;
				ASSETCATALOG_COMPILER_GLOBAL_ACCENT_COLOR_NAME = AccentColor;
				CODE_SIGN_STYLE = Automatic;
				CURRENT_PROJECT_VERSION = 1;
				ENABLE_PREVIEWS = YES;
				GENERATE_INFOPLIST_FILE = YES;
				INFOPLIST_KEY_UIApplicationSceneManifest_Generation = YES;
				INFOPLIST_KEY_UIApplicationSupportsIndirectInputEvents = YES;
				INFOPLIST_KEY_UILaunchScreen_Generation = YES;
				INFOPLIST_KEY_UISupportedInterfaceOrientations_iPad = "UIInterfaceOrientationPortrait UIInterfaceOrientationPortraitUpsideDown UIInterfaceOrientationLandscapeLeft UIInterfaceOrientationLandscapeRight";
				INFOPLIST_KEY_UISupportedInterfaceOrientations_iPhone = "UIInterfaceOrientationPortrait UIInterfaceOrientationLandscapeLeft UIInterfaceOrientationLandscapeRight";
				LD_RUNPATH_SEARCH_PATHS = (
					"$(inherited)",
					"@executable_path/Frameworks",
				);
				MARKETING_VERSION = 1.0;
				PRODUCT_BUNDLE_IDENTIFIER = "com.caoilainnl.ccxt-pod-test.test-ccxt-cocoapod";
				PRODUCT_NAME = "$(TARGET_NAME)";
				SWIFT_EMIT_LOC_STRINGS = YES;
				SWIFT_VERSION = 5.0;
				TARGETED_DEVICE_FAMILY = "1,2";
			};
			name = Debug;
		};
		E92C3DDA2DFBC735007878B2 /* Release */ = {
			isa = XCBuildConfiguration;
			buildSettings = {
				ASSETCATALOG_COMPILER_APPICON_NAME = AppIcon;
				ASSETCATALOG_COMPILER_GLOBAL_ACCENT_COLOR_NAME = AccentColor;
				CODE_SIGN_STYLE = Automatic;
				CURRENT_PROJECT_VERSION = 1;
				ENABLE_PREVIEWS = YES;
				GENERATE_INFOPLIST_FILE = YES;
				INFOPLIST_KEY_UIApplicationSceneManifest_Generation = YES;
				INFOPLIST_KEY_UIApplicationSupportsIndirectInputEvents = YES;
				INFOPLIST_KEY_UILaunchScreen_Generation = YES;
				INFOPLIST_KEY_UISupportedInterfaceOrientations_iPad = "UIInterfaceOrientationPortrait UIInterfaceOrientationPortraitUpsideDown UIInterfaceOrientationLandscapeLeft UIInterfaceOrientationLandscapeRight";
				INFOPLIST_KEY_UISupportedInterfaceOrientations_iPhone = "UIInterfaceOrientationPortrait UIInterfaceOrientationLandscapeLeft UIInterfaceOrientationLandscapeRight";
				LD_RUNPATH_SEARCH_PATHS = (
					"$(inherited)",
					"@executable_path/Frameworks",
				);
				MARKETING_VERSION = 1.0;
				PRODUCT_BUNDLE_IDENTIFIER = "com.caoilainnl.ccxt-pod-test.test-ccxt-cocoapod";
				PRODUCT_NAME = "$(TARGET_NAME)";
				SWIFT_EMIT_LOC_STRINGS = YES;
				SWIFT_VERSION = 5.0;
				TARGETED_DEVICE_FAMILY = "1,2";
			};
			name = Release;
		};
		E92C3DDC2DFBC735007878B2 /* Debug */ = {
			isa = XCBuildConfiguration;
			buildSettings = {
				BUNDLE_LOADER = "$(TEST_HOST)";
				CODE_SIGN_STYLE = Automatic;
				CURRENT_PROJECT_VERSION = 1;
				GENERATE_INFOPLIST_FILE = YES;
				IPHONEOS_DEPLOYMENT_TARGET = 18.5;
				MARKETING_VERSION = 1.0;
				PRODUCT_BUNDLE_IDENTIFIER = "com.caoilainnl.ccxt-pod-test.test-ccxt-cocoapodTests";
				PRODUCT_NAME = "$(TARGET_NAME)";
				SWIFT_EMIT_LOC_STRINGS = NO;
				SWIFT_VERSION = 5.0;
				TARGETED_DEVICE_FAMILY = "1,2";
				TEST_HOST = "$(BUILT_PRODUCTS_DIR)/test-ccxt-cocoapod.app/$(BUNDLE_EXECUTABLE_FOLDER_PATH)/test-ccxt-cocoapod";
			};
			name = Debug;
		};
		E92C3DDD2DFBC735007878B2 /* Release */ = {
			isa = XCBuildConfiguration;
			buildSettings = {
				BUNDLE_LOADER = "$(TEST_HOST)";
				CODE_SIGN_STYLE = Automatic;
				CURRENT_PROJECT_VERSION = 1;
				GENERATE_INFOPLIST_FILE = YES;
				IPHONEOS_DEPLOYMENT_TARGET = 18.5;
				MARKETING_VERSION = 1.0;
				PRODUCT_BUNDLE_IDENTIFIER = "com.caoilainnl.ccxt-pod-test.test-ccxt-cocoapodTests";
				PRODUCT_NAME = "$(TARGET_NAME)";
				SWIFT_EMIT_LOC_STRINGS = NO;
				SWIFT_VERSION = 5.0;
				TARGETED_DEVICE_FAMILY = "1,2";
				TEST_HOST = "$(BUILT_PRODUCTS_DIR)/test-ccxt-cocoapod.app/$(BUNDLE_EXECUTABLE_FOLDER_PATH)/test-ccxt-cocoapod";
			};
			name = Release;
		};
		E92C3DDF2DFBC735007878B2 /* Debug */ = {
			isa = XCBuildConfiguration;
			buildSettings = {
				CODE_SIGN_STYLE = Automatic;
				CURRENT_PROJECT_VERSION = 1;
				GENERATE_INFOPLIST_FILE = YES;
				MARKETING_VERSION = 1.0;
				PRODUCT_BUNDLE_IDENTIFIER = "com.caoilainnl.ccxt-pod-test.test-ccxt-cocoapodUITests";
				PRODUCT_NAME = "$(TARGET_NAME)";
				SWIFT_EMIT_LOC_STRINGS = NO;
				SWIFT_VERSION = 5.0;
				TARGETED_DEVICE_FAMILY = "1,2";
				TEST_TARGET_NAME = "test-ccxt-cocoapod";
			};
			name = Debug;
		};
		E92C3DE02DFBC735007878B2 /* Release */ = {
			isa = XCBuildConfiguration;
			buildSettings = {
				CODE_SIGN_STYLE = Automatic;
				CURRENT_PROJECT_VERSION = 1;
				GENERATE_INFOPLIST_FILE = YES;
				MARKETING_VERSION = 1.0;
				PRODUCT_BUNDLE_IDENTIFIER = "com.caoilainnl.ccxt-pod-test.test-ccxt-cocoapodUITests";
				PRODUCT_NAME = "$(TARGET_NAME)";
				SWIFT_EMIT_LOC_STRINGS = NO;
				SWIFT_VERSION = 5.0;
				TARGETED_DEVICE_FAMILY = "1,2";
				TEST_TARGET_NAME = "test-ccxt-cocoapod";
			};
			name = Release;
		};
/* End XCBuildConfiguration section */

/* Begin XCConfigurationList section */
		E92C3DB22DFBC734007878B2 /* Build configuration list for PBXProject "test-ccxt-cocoapod" */ = {
			isa = XCConfigurationList;
			buildConfigurations = (
				E92C3DD62DFBC735007878B2 /* Debug */,
				E92C3DD72DFBC735007878B2 /* Release */,
			);
			defaultConfigurationIsVisible = 0;
			defaultConfigurationName = Release;
		};
		E92C3DD82DFBC735007878B2 /* Build configuration list for PBXNativeTarget "test-ccxt-cocoapod" */ = {
			isa = XCConfigurationList;
			buildConfigurations = (
				E92C3DD92DFBC735007878B2 /* Debug */,
				E92C3DDA2DFBC735007878B2 /* Release */,
			);
			defaultConfigurationIsVisible = 0;
			defaultConfigurationName = Release;
		};
		E92C3DDB2DFBC735007878B2 /* Build configuration list for PBXNativeTarget "test-ccxt-cocoapodTests" */ = {
			isa = XCConfigurationList;
			buildConfigurations = (
				E92C3DDC2DFBC735007878B2 /* Debug */,
				E92C3DDD2DFBC735007878B2 /* Release */,
			);
			defaultConfigurationIsVisible = 0;
			defaultConfigurationName = Release;
		};
		E92C3DDE2DFBC735007878B2 /* Build configuration list for PBXNativeTarget "test-ccxt-cocoapodUITests" */ = {
			isa = XCConfigurationList;
			buildConfigurations = (
				E92C3DDF2DFBC735007878B2 /* Debug */,
				E92C3DE02DFBC735007878B2 /* Release */,
			);
			defaultConfigurationIsVisible = 0;
			defaultConfigurationName = Release;
		};
/* End XCConfigurationList section */

/* Begin XCLocalSwiftPackageReference section */
		E95D263D2E07948C004844CC /* XCLocalSwiftPackageReference "../ccxt/swift-wrapper" */ = {
			isa = XCLocalSwiftPackageReference;
			relativePath = "../ccxt/swift-wrapper";
		};
/* End XCLocalSwiftPackageReference section */

/* Begin XCSwiftPackageProductDependency section */
		E903BC112E00358D00DCFCF3 /* CCXTSwift */ = {
			isa = XCSwiftPackageProductDependency;
			productName = CCXTSwift;
		};
		E906B39A2E04DAAD00B31F0E /* CCXTSwift */ = {
			isa = XCSwiftPackageProductDependency;
			productName = CCXTSwift;
		};
		E95D262F2E078B55004844CC /* CCXTSwift */ = {
			isa = XCSwiftPackageProductDependency;
			productName = CCXTSwift;
		};
		E95D263E2E07948C004844CC /* CCXTSwift */ = {
			isa = XCSwiftPackageProductDependency;
			productName = CCXTSwift;
		};
		E97F4B5E2DFBF60000ACC1B8 /* CCXTSwift */ = {
			isa = XCSwiftPackageProductDependency;
			productName = CCXTSwift;
		};
		E97F4BFD2DFC277500ACC1B8 /* CCXTSwift */ = {
			isa = XCSwiftPackageProductDependency;
			productName = CCXTSwift;
		};
		E97F4C002DFC285500ACC1B8 /* CCXTSwift */ = {
			isa = XCSwiftPackageProductDependency;
			productName = CCXTSwift;
		};
		E97F4C032DFC296600ACC1B8 /* CCXTSwift */ = {
			isa = XCSwiftPackageProductDependency;
			productName = CCXTSwift;
		};
		E981B1482E014037003B4F86 /* CCXTSwift */ = {
			isa = XCSwiftPackageProductDependency;
			productName = CCXTSwift;
		};
		E98AE6402E0232E1006AACEA /* CCXTSwift */ = {
			isa = XCSwiftPackageProductDependency;
			productName = CCXTSwift;
		};
		E98AE6432E024F22006AACEA /* CCXTSwift */ = {
			isa = XCSwiftPackageProductDependency;
			productName = CCXTSwift;
		};
		E98AE6462E026FBF006AACEA /* CCXTSwift */ = {
			isa = XCSwiftPackageProductDependency;
			productName = CCXTSwift;
		};
		E98AE6552E0270F2006AACEA /* CCXTSwift */ = {
			isa = XCSwiftPackageProductDependency;
			productName = CCXTSwift;
		};
		E98AE6582E0278BA006AACEA /* CCXTSwift */ = {
			isa = XCSwiftPackageProductDependency;
			productName = CCXTSwift;
		};
		E9ACB6C92DFD14AB00EA44CA /* CCXTSwift */ = {
			isa = XCSwiftPackageProductDependency;
			productName = CCXTSwift;
		};
		E9ACB6CC2DFD4AD500EA44CA /* CCXTSwift */ = {
			isa = XCSwiftPackageProductDependency;
			productName = CCXTSwift;
		};
		E9ACB6CF2DFD596300EA44CA /* CCXTSwift */ = {
			isa = XCSwiftPackageProductDependency;
			productName = CCXTSwift;
		};
		E9ACB6D22DFD5DE900EA44CA /* CCXTSwift */ = {
			isa = XCSwiftPackageProductDependency;
			productName = CCXTSwift;
		};
		E9EB93D02DFE4C8200817FB0 /* CCXTSwift */ = {
			isa = XCSwiftPackageProductDependency;
			productName = CCXTSwift;
		};
/* End XCSwiftPackageProductDependency section */
	};
	rootObject = E92C3DAF2DFBC734007878B2 /* Project object */;
}
